
Microsoft Visual Studio Solution File, Format Version 12.00
# Visual Studio Version 17
VisualStudioVersion = 17.6.33717.318
MinimumVisualStudioVersion = 10.0.40219.1
Project("{FAE04EC0-301F-11D3-BF4B-00C04F79EFBC}") = "presentacion", "presentacion\presentacion.csproj", "{84A2C483-32AC-45F3-B443-7A66343E35F8}"
EndProject
Project("{FAE04EC0-301F-11D3-BF4B-00C04F79EFBC}") = "Entidades", "Entidades\Entidades.csproj", "{ADD9062B-4FCF-4270-99DE-8C08E4801691}"
EndProject
Project("{FAE04EC0-301F-11D3-BF4B-00C04F79EFBC}") = "Datos", "Datos\Datos.csproj", "{765118CF-A645-499A-9491-DFC48141599A}"
EndProject
Project("{FAE04EC0-301F-11D3-BF4B-00C04F79EFBC}") = "Logica", "Logica\Logica.csproj", "{AAA090F7-4DC9-44E3-9251-D56C8B32CFC1}"
EndProject
Global
	GlobalSection(SolutionConfigurationPlatforms) = preSolution
		Debug|Any CPU = Debug|Any CPU
		Release|Any CPU = Release|Any CPU
	EndGlobalSection
	GlobalSection(ProjectConfigurationPlatforms) = postSolution
		{84A2C483-32AC-45F3-B443-7A66343E35F8}.Debug|Any CPU.ActiveCfg = Debug|Any CPU
		{84A2C483-32AC-45F3-B443-7A66343E35F8}.Debug|Any CPU.Build.0 = Debug|Any CPU
		{84A2C483-32AC-45F3-B443-7A66343E35F8}.Release|Any CPU.ActiveCfg = Release|Any CPU
		{84A2C483-32AC-45F3-B443-7A66343E35F8}.Release|Any CPU.Build.0 = Release|Any CPU
		{ADD9062B-4FCF-4270-99DE-8C08E4801691}.Debug|Any CPU.ActiveCfg = Debug|Any CPU
		{ADD9062B-4FCF-4270-99DE-8C08E4801691}.Debug|Any CPU.Build.0 = Debug|Any CPU
		{ADD9062B-4FCF-4270-99DE-8C08E4801691}.Release|Any CPU.ActiveCfg = Release|Any CPU
		{ADD9062B-4FCF-4270-99DE-8C08E4801691}.Release|Any CPU.Build.0 = Release|Any CPU
		{765118CF-A645-499A-9491-DFC48141599A}.Debug|Any CPU.ActiveCfg = Debug|Any CPU
		{765118CF-A645-499A-9491-DFC48141599A}.Debug|Any CPU.Build.0 = Debug|Any CPU
		{765118CF-A645-499A-9491-DFC48141599A}.Release|Any CPU.ActiveCfg = Release|Any CPU
		{765118CF-A645-499A-9491-DFC48141599A}.Release|Any CPU.Build.0 = Release|Any CPU
		{AAA090F7-4DC9-44E3-9251-D56C8B32CFC1}.Debug|Any CPU.ActiveCfg = Debug|Any CPU
		{AAA090F7-4DC9-44E3-9251-D56C8B32CFC1}.Debug|Any CPU.Build.0 = Debug|Any CPU
		{AAA090F7-4DC9-44E3-9251-D56C8B32CFC1}.Release|Any CPU.ActiveCfg = Release|Any CPU
		{AAA090F7-4DC9-44E3-9251-D56C8B32CFC1}.Release|Any CPU.Build.0 = Release|Any CPU
	EndGlobalSection
	GlobalSection(SolutionProperties) = preSolution
		HideSolutionNode = FALSE
	EndGlobalSection
	GlobalSection(ExtensibilityGlobals) = postSolution
		SolutionGuid = {5752089D-8E54-4ADC-95C6-B1A138A6096A}
	EndGlobalSection
EndGlobal
